// !$*UTF8*$!
{
	archiveVersion = 1;
	classes = {
	};
	objectVersion = 77;
	objects = {

/* Begin PBXContainerItemProxy section */
		2B6C32362DA07A7B00DAAC86 /* PBXContainerItemProxy */ = {
			isa = PBXContainerItemProxy;
			containerPortal = 2B6C321B2DA07A7B00DAAC86 /* Project object */;
			proxyType = 1;
			remoteGlobalIDString = 2B6C32222DA07A7B00DAAC86;
			remoteInfo = SuperSoccer;
		};
		2B6C32402DA07A7B00DAAC86 /* PBXContainerItemProxy */ = {
			isa = PBXContainerItemProxy;
			containerPortal = 2B6C321B2DA07A7B00DAAC86 /* Project object */;
			proxyType = 1;
			remoteGlobalIDString = 2B6C32222DA07A7B00DAAC86;
			remoteInfo = SuperSoccer;
		};
/* End PBXContainerItemProxy section */

/* Begin PBXFileReference section */
		2B6C32232DA07A7B00DAAC86 /* SuperSoccer.app */ = {isa = PBXFileReference; explicitFileType = wrapper.application; includeInIndex = 0; path = SuperSoccer.app; sourceTree = BUILT_PRODUCTS_DIR; };
		2B6C32352DA07A7B00DAAC86 /* SuperSoccerTests.xctest */ = {isa = PBXFileReference; explicitFileType = wrapper.cfbundle; includeInIndex = 0; path = SuperSoccerTests.xctest; sourceTree = BUILT_PRODUCTS_DIR; };
		2B6C323F2DA07A7B00DAAC86 /* SuperSoccerUITests.xctest */ = {isa = PBXFileReference; explicitFileType = wrapper.cfbundle; includeInIndex = 0; path = SuperSoccerUITests.xctest; sourceTree = BUILT_PRODUCTS_DIR; };
/* End PBXFileReference section */

/* Begin PBXFileSystemSynchronizedRootGroup section */
		2B6C32252DA07A7B00DAAC86 /* SuperSoccer */ = {
			isa = PBXFileSystemSynchronizedRootGroup;
			path = SuperSoccer;
			sourceTree = "<group>";
		};
		2B6C32382DA07A7B00DAAC86 /* SuperSoccerTests */ = {
			isa = PBXFileSystemSynchronizedRootGroup;
			path = SuperSoccerTests;
			sourceTree = "<group>";
		};
		2B6C32422DA07A7B00DAAC86 /* SuperSoccerUITests */ = {
			isa = PBXFileSystemSynchronizedRootGroup;
			path = SuperSoccerUITests;
			sourceTree = "<group>";
		};
/* End PBXFileSystemSynchronizedRootGroup section */

/* Begin PBXFrameworksBuildPhase section */
		2B6C32202DA07A7B00DAAC86 /* Frameworks */ = {
			isa = PBXFrameworksBuildPhase;
			buildActionMask = 2147483647;
			files = (
			);
			runOnlyForDeploymentPostprocessing = 0;
		};
		2B6C32322DA07A7B00DAAC86 /* Frameworks */ = {
			isa = PBXFrameworksBuildPhase;
			buildActionMask = 2147483647;
			files = (
			);
			runOnlyForDeploymentPostprocessing = 0;
		};
		2B6C323C2DA07A7B00DAAC86 /* Frameworks */ = {
			isa = PBXFrameworksBuildPhase;
			buildActionMask = 2147483647;
			files = (
			);
			runOnlyForDeploymentPostprocessing = 0;
		};
/* End PBXFrameworksBuildPhase section */

/* Begin PBXGroup section */
		2B6C321A2DA07A7B00DAAC86 = {
			isa = PBXGroup;
			children = (
				2B6C32252DA07A7B00DAAC86 /* SuperSoccer */,
				2B6C32382DA07A7B00DAAC86 /* SuperSoccerTests */,
				2B6C32422DA07A7B00DAAC86 /* SuperSoccerUITests */,
				2B6C32242DA07A7B00DAAC86 /* Products */,
			);
			sourceTree = "<group>";
		};
		2B6C32242DA07A7B00DAAC86 /* Products */ = {
			isa = PBXGroup;
			children = (
				2B6C32232DA07A7B00DAAC86 /* SuperSoccer.app */,
				2B6C32352DA07A7B00DAAC86 /* SuperSoccerTests.xctest */,
				2B6C323F2DA07A7B00DAAC86 /* SuperSoccerUITests.xctest */,
			);
			name = Products;
			sourceTree = "<group>";
		};
/* End PBXGroup section */

/* Begin PBXNativeTarget section */
		2B6C32222DA07A7B00DAAC86 /* SuperSoccer */ = {
			isa = PBXNativeTarget;
			buildConfigurationList = 2B6C32492DA07A7B00DAAC86 /* Build configuration list for PBXNativeTarget "SuperSoccer" */;
			buildPhases = (
				2B6C321F2DA07A7B00DAAC86 /* Sources */,
				2B6C32202DA07A7B00DAAC86 /* Frameworks */,
				2B6C32212DA07A7B00DAAC86 /* Resources */,
			);
			buildRules = (
			);
			dependencies = (
			);
			fileSystemSynchronizedGroups = (
				2B6C32252DA07A7B00DAAC86 /* SuperSoccer */,
			);
			name = SuperSoccer;
			packageProductDependencies = (
			);
			productName = SuperSoccer;
			productReference = 2B6C32232DA07A7B00DAAC86 /* SuperSoccer.app */;
			productType = "com.apple.product-type.application";
		};
		2B6C32342DA07A7B00DAAC86 /* SuperSoccerTests */ = {
			isa = PBXNativeTarget;
			buildConfigurationList = 2B6C324C2DA07A7B00DAAC86 /* Build configuration list for PBXNativeTarget "SuperSoccerTests" */;
			buildPhases = (
				2B6C32312DA07A7B00DAAC86 /* Sources */,
				2B6C32322DA07A7B00DAAC86 /* Frameworks */,
				2B6C32332DA07A7B00DAAC86 /* Resources */,
			);
			buildRules = (
			);
			dependencies = (
				2B6C32372DA07A7B00DAAC86 /* PBXTargetDependency */,
			);
			fileSystemSynchronizedGroups = (
				2B6C32382DA07A7B00DAAC86 /* SuperSoccerTests */,
			);
			name = SuperSoccerTests;
			packageProductDependencies = (
			);
			productName = SuperSoccerTests;
			productReference = 2B6C32352DA07A7B00DAAC86 /* SuperSoccerTests.xctest */;
			productType = "com.apple.product-type.bundle.unit-test";
		};
		2B6C323E2DA07A7B00DAAC86 /* SuperSoccerUITests */ = {
			isa = PBXNativeTarget;
			buildConfigurationList = 2B6C324F2DA07A7B00DAAC86 /* Build configuration list for PBXNativeTarget "SuperSoccerUITests" */;
			buildPhases = (
				2B6C323B2DA07A7B00DAAC86 /* Sources */,
				2B6C323C2DA07A7B00DAAC86 /* Frameworks */,
				2B6C323D2DA07A7B00DAAC86 /* Resources */,
			);
			buildRules = (
			);
			dependencies = (
				2B6C32412DA07A7B00DAAC86 /* PBXTargetDependency */,
			);
			fileSystemSynchronizedGroups = (
				2B6C32422DA07A7B00DAAC86 /* SuperSoccerUITests */,
			);
			name = SuperSoccerUITests;
			packageProductDependencies = (
			);
			productName = SuperSoccerUITests;
			productReference = 2B6C323F2DA07A7B00DAAC86 /* SuperSoccerUITests.xctest */;
			productType = "com.apple.product-type.bundle.ui-testing";
		};
/* End PBXNativeTarget section */

/* Begin PBXProject section */
		2B6C321B2DA07A7B00DAAC86 /* Project object */ = {
			isa = PBXProject;
			attributes = {
				BuildIndependentTargetsInParallel = 1;
				LastSwiftUpdateCheck = 1620;
				LastUpgradeCheck = 1620;
				TargetAttributes = {
					2B6C32222DA07A7B00DAAC86 = {
						CreatedOnToolsVersion = 16.2;
					};
					2B6C32342DA07A7B00DAAC86 = {
						CreatedOnToolsVersion = 16.2;
						TestTargetID = 2B6C32222DA07A7B00DAAC86;
					};
					2B6C323E2DA07A7B00DAAC86 = {
						CreatedOnToolsVersion = 16.2;
						TestTargetID = 2B6C32222DA07A7B00DAAC86;
					};
				};
			};
			buildConfigurationList = 2B6C321E2DA07A7B00DAAC86 /* Build configuration list for PBXProject "SuperSoccer" */;
			developmentRegion = en;
			hasScannedForEncodings = 0;
			knownRegions = (
				en,
				Base,
			);
			mainGroup = 2B6C321A2DA07A7B00DAAC86;
			minimizedProjectReferenceProxies = 1;
			preferredProjectObjectVersion = 77;
			productRefGroup = 2B6C32242DA07A7B00DAAC86 /* Products */;
			projectDirPath = "";
			projectRoot = "";
			targets = (
				2B6C32222DA07A7B00DAAC86 /* SuperSoccer */,
				2B6C32342DA07A7B00DAAC86 /* SuperSoccerTests */,
				2B6C323E2DA07A7B00DAAC86 /* SuperSoccerUITests */,
			);
		};
/* End PBXProject section */

/* Begin PBXResourcesBuildPhase section */
		2B6C32212DA07A7B00DAAC86 /* Resources */ = {
			isa = PBXResourcesBuildPhase;
			buildActionMask = 2147483647;
			files = (
			);
			runOnlyForDeploymentPostprocessing = 0;
		};
		2B6C32332DA07A7B00DAAC86 /* Resources */ = {
			isa = PBXResourcesBuildPhase;
			buildActionMask = 2147483647;
			files = (
			);
			runOnlyForDeploymentPostprocessing = 0;
		};
		2B6C323D2DA07A7B00DAAC86 /* Resources */ = {
			isa = PBXResourcesBuildPhase;
			buildActionMask = 2147483647;
			files = (
			);
			runOnlyForDeploymentPostprocessing = 0;
		};
/* End PBXResourcesBuildPhase section */

/* Begin PBXSourcesBuildPhase section */
		2B6C321F2DA07A7B00DAAC86 /* Sources */ = {
			isa = PBXSourcesBuildPhase;
			buildActionMask = 2147483647;
			files = (
			);
			runOnlyForDeploymentPostprocessing = 0;
		};
		2B6C32312DA07A7B00DAAC86 /* Sources */ = {
			isa = PBXSourcesBuildPhase;
			buildActionMask = 2147483647;
			files = (
			);
			runOnlyForDeploymentPostprocessing = 0;
		};
		2B6C323B2DA07A7B00DAAC86 /* Sources */ = {
			isa = PBXSourcesBuildPhase;
			buildActionMask = 2147483647;
			files = (
			);
			runOnlyForDeploymentPostprocessing = 0;
		};
/* End PBXSourcesBuildPhase section */

/* Begin PBXTargetDependency section */
		2B6C32372DA07A7B00DAAC86 /* PBXTargetDependency */ = {
			isa = PBXTargetDependency;
			target = 2B6C32222DA07A7B00DAAC86 /* SuperSoccer */;
			targetProxy = 2B6C32362DA07A7B00DAAC86 /* PBXContainerItemProxy */;
		};
		2B6C32412DA07A7B00DAAC86 /* PBXTargetDependency */ = {
			isa = PBXTargetDependency;
			target = 2B6C32222DA07A7B00DAAC86 /* SuperSoccer */;
			targetProxy = 2B6C32402DA07A7B00DAAC86 /* PBXContainerItemProxy */;
		};
/* End PBXTargetDependency section */

/* Begin XCBuildConfiguration section */
		2B6C32472DA07A7B00DAAC86 /* Debug */ = {
			isa = XCBuildConfiguration;
			buildSettings = {
				ALWAYS_SEARCH_USER_PATHS = NO;
				ASSETCATALOG_COMPILER_GENERATE_SWIFT_ASSET_SYMBOL_EXTENSIONS = YES;
				CLANG_ANALYZER_NONNULL = YES;
				CLANG_ANALYZER_NUMBER_OBJECT_CONVERSION = YES_AGGRESSIVE;
				CLANG_CXX_LANGUAGE_STANDARD = "gnu++20";
				CLANG_ENABLE_MODULES = YES;
				CLANG_ENABLE_OBJC_ARC = YES;
				CLANG_ENABLE_OBJC_WEAK = YES;
				CLANG_WARN_BLOCK_CAPTURE_AUTORELEASING = YES;
				CLANG_WARN_BOOL_CONVERSION = YES;
				CLANG_WARN_COMMA = YES;
				CLANG_WARN_CONSTANT_CONVERSION = YES;
				CLANG_WARN_DEPRECATED_OBJC_IMPLEMENTATIONS = YES;
				CLANG_WARN_DIRECT_OBJC_ISA_USAGE = YES_ERROR;
				CLANG_WARN_DOCUMENTATION_COMMENTS = YES;
				CLANG_WARN_EMPTY_BODY = YES;
				CLANG_WARN_ENUM_CONVERSION = YES;
				CLANG_WARN_INFINITE_RECURSION = YES;
				CLANG_WARN_INT_CONVERSION = YES;
				CLANG_WARN_NON_LITERAL_NULL_CONVERSION = YES;
				CLANG_WARN_OBJC_IMPLICIT_RETAIN_SELF = YES;
				CLANG_WARN_OBJC_LITERAL_CONVERSION = YES;
				CLANG_WARN_OBJC_ROOT_CLASS = YES_ERROR;
				CLANG_WARN_QUOTED_INCLUDE_IN_FRAMEWORK_HEADER = YES;
				CLANG_WARN_RANGE_LOOP_ANALYSIS = YES;
				CLANG_WARN_STRICT_PROTOTYPES = YES;
				CLANG_WARN_SUSPICIOUS_MOVE = YES;
				CLANG_WARN_UNGUARDED_AVAILABILITY = YES_AGGRESSIVE;
				CLANG_WARN_UNREACHABLE_CODE = YES;
				CLANG_WARN__DUPLICATE_METHOD_MATCH = YES;
				COPY_PHASE_STRIP = NO;
				DEBUG_INFORMATION_FORMAT = dwarf;
				ENABLE_STRICT_OBJC_MSGSEND = YES;
				ENABLE_TESTABILITY = YES;
				ENABLE_USER_SCRIPT_SANDBOXING = YES;
				GCC_C_LANGUAGE_STANDARD = gnu17;
				GCC_DYNAMIC_NO_PIC = NO;
				GCC_NO_COMMON_BLOCKS = YES;
				GCC_OPTIMIZATION_LEVEL = 0;
				GCC_PREPROCESSOR_DEFINITIONS = (
					"DEBUG=1",
					"$(inherited)",
				);
				GCC_WARN_64_TO_32_BIT_CONVERSION = YES;
				GCC_WARN_ABOUT_RETURN_TYPE = YES_ERROR;
				GCC_WARN_UNDECLARED_SELECTOR = YES;
				GCC_WARN_UNINITIALIZED_AUTOS = YES_AGGRESSIVE;
				GCC_WARN_UNUSED_FUNCTION = YES;
				GCC_WARN_UNUSED_VARIABLE = YES;
				IPHONEOS_DEPLOYMENT_TARGET = 18.2;
				LOCALIZATION_PREFERS_STRING_CATALOGS = YES;
				MTL_ENABLE_DEBUG_INFO = INCLUDE_SOURCE;
				MTL_FAST_MATH = YES;
				ONLY_ACTIVE_ARCH = YES;
				SDKROOT = iphoneos;
				SWIFT_ACTIVE_COMPILATION_CONDITIONS = "DEBUG $(inherited)";
				SWIFT_OPTIMIZATION_LEVEL = "-Onone";
			};
			name = Debug;
		};
		2B6C32482DA07A7B00DAAC86 /* Release */ = {
			isa = XCBuildConfiguration;
			buildSettings = {
				ALWAYS_SEARCH_USER_PATHS = NO;
				ASSETCATALOG_COMPILER_GENERATE_SWIFT_ASSET_SYMBOL_EXTENSIONS = YES;
				CLANG_ANALYZER_NONNULL = YES;
				CLANG_ANALYZER_NUMBER_OBJECT_CONVERSION = YES_AGGRESSIVE;
				CLANG_CXX_LANGUAGE_STANDARD = "gnu++20";
				CLANG_ENABLE_MODULES = YES;
				CLANG_ENABLE_OBJC_ARC = YES;
				CLANG_ENABLE_OBJC_WEAK = YES;
				CLANG_WARN_BLOCK_CAPTURE_AUTORELEASING = YES;
				CLANG_WARN_BOOL_CONVERSION = YES;
				CLANG_WARN_COMMA = YES;
				CLANG_WARN_CONSTANT_CONVERSION = YES;
				CLANG_WARN_DEPRECATED_OBJC_IMPLEMENTATIONS = YES;
				CLANG_WARN_DIRECT_OBJC_ISA_USAGE = YES_ERROR;
				CLANG_WARN_DOCUMENTATION_COMMENTS = YES;
				CLANG_WARN_EMPTY_BODY = YES;
				CLANG_WARN_ENUM_CONVERSION = YES;
				CLANG_WARN_INFINITE_RECURSION = YES;
				CLANG_WARN_INT_CONVERSION = YES;
				CLANG_WARN_NON_LITERAL_NULL_CONVERSION = YES;
				CLANG_WARN_OBJC_IMPLICIT_RETAIN_SELF = YES;
				CLANG_WARN_OBJC_LITERAL_CONVERSION = YES;
				CLANG_WARN_OBJC_ROOT_CLASS = YES_ERROR;
				CLANG_WARN_QUOTED_INCLUDE_IN_FRAMEWORK_HEADER = YES;
				CLANG_WARN_RANGE_LOOP_ANALYSIS = YES;
				CLANG_WARN_STRICT_PROTOTYPES = YES;
				CLANG_WARN_SUSPICIOUS_MOVE = YES;
				CLANG_WARN_UNGUARDED_AVAILABILITY = YES_AGGRESSIVE;
				CLANG_WARN_UNREACHABLE_CODE = YES;
				CLANG_WARN__DUPLICATE_METHOD_MATCH = YES;
				COPY_PHASE_STRIP = NO;
				DEBUG_INFORMATION_FORMAT = "dwarf-with-dsym";
				ENABLE_NS_ASSERTIONS = NO;
				ENABLE_STRICT_OBJC_MSGSEND = YES;
				ENABLE_USER_SCRIPT_SANDBOXING = YES;
				GCC_C_LANGUAGE_STANDARD = gnu17;
				GCC_NO_COMMON_BLOCKS = YES;
				GCC_WARN_64_TO_32_BIT_CONVERSION = YES;
				GCC_WARN_ABOUT_RETURN_TYPE = YES_ERROR;
				GCC_WARN_UNDECLARED_SELECTOR = YES;
				GCC_WARN_UNINITIALIZED_AUTOS = YES_AGGRESSIVE;
				GCC_WARN_UNUSED_FUNCTION = YES;
				GCC_WARN_UNUSED_VARIABLE = YES;
				IPHONEOS_DEPLOYMENT_TARGET = 18.2;
				LOCALIZATION_PREFERS_STRING_CATALOGS = YES;
				MTL_ENABLE_DEBUG_INFO = NO;
				MTL_FAST_MATH = YES;
				SDKROOT = iphoneos;
				SWIFT_COMPILATION_MODE = wholemodule;
				VALIDATE_PRODUCT = YES;
			};
			name = Release;
		};
		2B6C324A2DA07A7B00DAAC86 /* Debug */ = {
			isa = XCBuildConfiguration;
			buildSettings = {
				ASSETCATALOG_COMPILER_APPICON_NAME = AppIcon;
				ASSETCATALOG_COMPILER_GLOBAL_ACCENT_COLOR_NAME = AccentColor;
				CODE_SIGN_STYLE = Automatic;
				CURRENT_PROJECT_VERSION = 1;
				DEVELOPMENT_ASSET_PATHS = "\"SuperSoccer/Preview Content\"";
				DEVELOPMENT_TEAM = 4A73GN8N2F;
				ENABLE_PREVIEWS = YES;
				GENERATE_INFOPLIST_FILE = YES;
				INFOPLIST_KEY_UIApplicationSceneManifest_Generation = YES;
				INFOPLIST_KEY_UIApplicationSupportsIndirectInputEvents = YES;
				INFOPLIST_KEY_UILaunchScreen_Generation = YES;
				INFOPLIST_KEY_UISupportedInterfaceOrientations_iPad = "UIInterfaceOrientationPortrait UIInterfaceOrientationPortraitUpsideDown UIInterfaceOrientationLandscapeLeft UIInterfaceOrientationLandscapeRight";
				INFOPLIST_KEY_UISupportedInterfaceOrientations_iPhone = "UIInterfaceOrientationPortrait UIInterfaceOrientationLandscapeLeft UIInterfaceOrientationLandscapeRight";
				LD_RUNPATH_SEARCH_PATHS = (
					"$(inherited)",
					"@executable_path/Frameworks",
				);
				MARKETING_VERSION = 1.0;
				PRODUCT_BUNDLE_IDENTIFIER = com.mandudebro.SuperSoccer;
				PRODUCT_NAME = "$(TARGET_NAME)";
				SWIFT_EMIT_LOC_STRINGS = YES;
				SWIFT_VERSION = 5.0;
				TARGETED_DEVICE_FAMILY = "1,2";
			};
			name = Debug;
		};
		2B6C324B2DA07A7B00DAAC86 /* Release */ = {
			isa = XCBuildConfiguration;
			buildSettings = {
				ASSETCATALOG_COMPILER_APPICON_NAME = AppIcon;
				ASSETCATALOG_COMPILER_GLOBAL_ACCENT_COLOR_NAME = AccentColor;
				CODE_SIGN_STYLE = Automatic;
				CURRENT_PROJECT_VERSION = 1;
				DEVELOPMENT_ASSET_PATHS = "\"SuperSoccer/Preview Content\"";
				DEVELOPMENT_TEAM = 4A73GN8N2F;
				ENABLE_PREVIEWS = YES;
				GENERATE_INFOPLIST_FILE = YES;
				INFOPLIST_KEY_UIApplicationSceneManifest_Generation = YES;
				INFOPLIST_KEY_UIApplicationSupportsIndirectInputEvents = YES;
				INFOPLIST_KEY_UILaunchScreen_Generation = YES;
				INFOPLIST_KEY_UISupportedInterfaceOrientations_iPad = "UIInterfaceOrientationPortrait UIInterfaceOrientationPortraitUpsideDown UIInterfaceOrientationLandscapeLeft UIInterfaceOrientationLandscapeRight";
				INFOPLIST_KEY_UISupportedInterfaceOrientations_iPhone = "UIInterfaceOrientationPortrait UIInterfaceOrientationLandscapeLeft UIInterfaceOrientationLandscapeRight";
				LD_RUNPATH_SEARCH_PATHS = (
					"$(inherited)",
					"@executable_path/Frameworks",
				);
				MARKETING_VERSION = 1.0;
				PRODUCT_BUNDLE_IDENTIFIER = com.mandudebro.SuperSoccer;
				PRODUCT_NAME = "$(TARGET_NAME)";
				SWIFT_EMIT_LOC_STRINGS = YES;
				SWIFT_VERSION = 5.0;
				TARGETED_DEVICE_FAMILY = "1,2";
			};
			name = Release;
		};
		2B6C324D2DA07A7B00DAAC86 /* Debug */ = {
			isa = XCBuildConfiguration;
			buildSettings = {
				BUNDLE_LOADER = "$(TEST_HOST)";
				CODE_SIGN_STYLE = Automatic;
				CURRENT_PROJECT_VERSION = 1;
				DEVELOPMENT_TEAM = 4A73GN8N2F;
				GENERATE_INFOPLIST_FILE = YES;
				IPHONEOS_DEPLOYMENT_TARGET = 18.2;
				MARKETING_VERSION = 1.0;
				PRODUCT_BUNDLE_IDENTIFIER = com.mandudebro.SuperSoccerTests;
				PRODUCT_NAME = "$(TARGET_NAME)";
				SWIFT_EMIT_LOC_STRINGS = NO;
				SWIFT_VERSION = 5.0;
				TARGETED_DEVICE_FAMILY = "1,2";
				TEST_HOST = "$(BUILT_PRODUCTS_DIR)/SuperSoccer.app/$(BUNDLE_EXECUTABLE_FOLDER_PATH)/SuperSoccer";
			};
			name = Debug;
		};
		2B6C324E2DA07A7B00DAAC86 /* Release */ = {
			isa = XCBuildConfiguration;
			buildSettings = {
				BUNDLE_LOADER = "$(TEST_HOST)";
				CODE_SIGN_STYLE = Automatic;
				CURRENT_PROJECT_VERSION = 1;
				DEVELOPMENT_TEAM = 4A73GN8N2F;
				GENERATE_INFOPLIST_FILE = YES;
				IPHONEOS_DEPLOYMENT_TARGET = 18.2;
				MARKETING_VERSION = 1.0;
				PRODUCT_BUNDLE_IDENTIFIER = com.mandudebro.SuperSoccerTests;
				PRODUCT_NAME = "$(TARGET_NAME)";
				SWIFT_EMIT_LOC_STRINGS = NO;
				SWIFT_VERSION = 5.0;
				TARGETED_DEVICE_FAMILY = "1,2";
				TEST_HOST = "$(BUILT_PRODUCTS_DIR)/SuperSoccer.app/$(BUNDLE_EXECUTABLE_FOLDER_PATH)/SuperSoccer";
			};
			name = Release;
		};
		2B6C32502DA07A7B00DAAC86 /* Debug */ = {
			isa = XCBuildConfiguration;
			buildSettings = {
				CODE_SIGN_STYLE = Automatic;
				CURRENT_PROJECT_VERSION = 1;
				DEVELOPMENT_TEAM = 4A73GN8N2F;
				GENERATE_INFOPLIST_FILE = YES;
				MARKETING_VERSION = 1.0;
				PRODUCT_BUNDLE_IDENTIFIER = com.mandudebro.SuperSoccerUITests;
				PRODUCT_NAME = "$(TARGET_NAME)";
				SWIFT_EMIT_LOC_STRINGS = NO;
				SWIFT_VERSION = 5.0;
				TARGETED_DEVICE_FAMILY = "1,2";
				TEST_TARGET_NAME = SuperSoccer;
			};
			name = Debug;
		};
		2B6C32512DA07A7B00DAAC86 /* Release */ = {
			isa = XCBuildConfiguration;
			buildSettings = {
				CODE_SIGN_STYLE = Automatic;
				CURRENT_PROJECT_VERSION = 1;
				DEVELOPMENT_TEAM = 4A73GN8N2F;
				GENERATE_INFOPLIST_FILE = YES;
				MARKETING_VERSION = 1.0;
				PRODUCT_BUNDLE_IDENTIFIER = com.mandudebro.SuperSoccerUITests;
				PRODUCT_NAME = "$(TARGET_NAME)";
				SWIFT_EMIT_LOC_STRINGS = NO;
				SWIFT_VERSION = 5.0;
				TARGETED_DEVICE_FAMILY = "1,2";
				TEST_TARGET_NAME = SuperSoccer;
			};
			name = Release;
		};
/* End XCBuildConfiguration section */

/* Begin XCConfigurationList section */
		2B6C321E2DA07A7B00DAAC86 /* Build configuration list for PBXProject "SuperSoccer" */ = {
			isa = XCConfigurationList;
			buildConfigurations = (
				2B6C32472DA07A7B00DAAC86 /* Debug */,
				2B6C32482DA07A7B00DAAC86 /* Release */,
			);
			defaultConfigurationIsVisible = 0;
			defaultConfigurationName = Release;
		};
		2B6C32492DA07A7B00DAAC86 /* Build configuration list for PBXNativeTarget "SuperSoccer" */ = {
			isa = XCConfigurationList;
			buildConfigurations = (
				2B6C324A2DA07A7B00DAAC86 /* Debug */,
				2B6C324B2DA07A7B00DAAC86 /* Release */,
			);
			defaultConfigurationIsVisible = 0;
			defaultConfigurationName = Release;
		};
		2B6C324C2DA07A7B00DAAC86 /* Build configuration list for PBXNativeTarget "SuperSoccerTests" */ = {
			isa = XCConfigurationList;
			buildConfigurations = (
				2B6C324D2DA07A7B00DAAC86 /* Debug */,
				2B6C324E2DA07A7B00DAAC86 /* Release */,
			);
			defaultConfigurationIsVisible = 0;
			defaultConfigurationName = Release;
		};
		2B6C324F2DA07A7B00DAAC86 /* Build configuration list for PBXNativeTarget "SuperSoccerUITests" */ = {
			isa = XCConfigurationList;
			buildConfigurations = (
				2B6C32502DA07A7B00DAAC86 /* Debug */,
				2B6C32512DA07A7B00DAAC86 /* Release */,
			);
			defaultConfigurationIsVisible = 0;
			defaultConfigurationName = Release;
		};
/* End XCConfigurationList section */
	};
	rootObject = 2B6C321B2DA07A7B00DAAC86 /* Project object */;
}
